
Microsoft Visual Studio Solution File, Format Version 12.00
# Visual Studio 15
Project("{FAE04EC0-301F-11D3-BF4B-00C04F79EFBC}") = "Assembly-CSharp", "Assembly-CSharp.csproj", "{532B1C1C-15B0-9A25-B70F-DF9C437D180C}"
EndProject
Project("{FAE04EC0-301F-11D3-BF4B-00C04F79EFBC}") = "Assembly-CSharp-Editor", "Assembly-CSharp-Editor.csproj", "{01CF1A60-A615-0581-AD74-CA358F383020}"
EndProject
Global
	GlobalSection(SolutionConfigurationPlatforms) = preSolution
		Debug|Any CPU = Debug|Any CPU
		Release|Any CPU = Release|Any CPU
	EndGlobalSection
	GlobalSection(ProjectConfigurationPlatforms) = postSolution
		{532B1C1C-15B0-9A25-B70F-DF9C437D180C}.Debug|Any CPU.ActiveCfg = Debug|Any CPU
		{532B1C1C-15B0-9A25-B70F-DF9C437D180C}.Debug|Any CPU.Build.0 = Debug|Any CPU
		{532B1C1C-15B0-9A25-B70F-DF9C437D180C}.Release|Any CPU.ActiveCfg = Release|Any CPU
		{532B1C1C-15B0-9A25-B70F-DF9C437D180C}.Release|Any CPU.Build.0 = Release|Any CPU
		{01CF1A60-A615-0581-AD74-CA358F383020}.Debug|Any CPU.ActiveCfg = Debug|Any CPU
		{01CF1A60-A615-0581-AD74-CA358F383020}.Debug|Any CPU.Build.0 = Debug|Any CPU
		{01CF1A60-A615-0581-AD74-CA358F383020}.Release|Any CPU.ActiveCfg = Release|Any CPU
		{01CF1A60-A615-0581-AD74-CA358F383020}.Release|Any CPU.Build.0 = Release|Any CPU
	EndGlobalSection
	GlobalSection(SolutionProperties) = preSolution
		HideSolutionNode = FALSE
	EndGlobalSection
EndGlobal
